
Microsoft Visual Studio Solution File, Format Version 12.00
# Visual Studio Version 16
VisualStudioVersion = 16.0.29215.179
MinimumVisualStudioVersion = 10.0.40219.1
Project("{FAE04EC0-301F-11D3-BF4B-00C04F79EFBC}") = "Speak Text", "Speak Text\Speak Text.csproj", "{CB9F6F1A-5E6A-4559-8523-850772587696}"
EndProject
Global
	GlobalSection(SolutionConfigurationPlatforms) = preSolution
		Debug|Any CPU = Debug|Any CPU
		Release|Any CPU = Release|Any CPU
	EndGlobalSection
	GlobalSection(ProjectConfigurationPlatforms) = postSolution
		{CB9F6F1A-5E6A-4559-8523-850772587696}.Debug|Any CPU.ActiveCfg = Debug|Any CPU
		{CB9F6F1A-5E6A-4559-8523-850772587696}.Debug|Any CPU.Build.0 = Debug|Any CPU
		{CB9F6F1A-5E6A-4559-8523-850772587696}.Release|Any CPU.ActiveCfg = Release|Any CPU
		{CB9F6F1A-5E6A-4559-8523-850772587696}.Release|Any CPU.Build.0 = Release|Any CPU
	EndGlobalSection
	GlobalSection(SolutionProperties) = preSolution
		HideSolutionNode = FALSE
	EndGlobalSection
	GlobalSection(ExtensibilityGlobals) = postSolution
		SolutionGuid = {617B0FAB-3832-41C4-A45A-267A28CD0974}
	EndGlobalSection
EndGlobal
